
Microsoft Visual Studio Solution File, Format Version 12.00
# Visual Studio Version 17
VisualStudioVersion = 17.7.34003.232
MinimumVisualStudioVersion = 10.0.40219.1
Project("{FAE04EC0-301F-11D3-BF4B-00C04F79EFBC}") = "BankWebApp", "BankWebApp\BankWebApp.csproj", "{672D4570-F5BC-4F0B-82E7-54D1C6092E7D}"
EndProject
Global
	GlobalSection(SolutionConfigurationPlatforms) = preSolution
		Debug|Any CPU = Debug|Any CPU
		Release|Any CPU = Release|Any CPU
	EndGlobalSection
	GlobalSection(ProjectConfigurationPlatforms) = postSolution
		{672D4570-F5BC-4F0B-82E7-54D1C6092E7D}.Debug|Any CPU.ActiveCfg = Debug|Any CPU
		{672D4570-F5BC-4F0B-82E7-54D1C6092E7D}.Debug|Any CPU.Build.0 = Debug|Any CPU
		{672D4570-F5BC-4F0B-82E7-54D1C6092E7D}.Release|Any CPU.ActiveCfg = Release|Any CPU
		{672D4570-F5BC-4F0B-82E7-54D1C6092E7D}.Release|Any CPU.Build.0 = Release|Any CPU
	EndGlobalSection
	GlobalSection(SolutionProperties) = preSolution
		HideSolutionNode = FALSE
	EndGlobalSection
	GlobalSection(ExtensibilityGlobals) = postSolution
		SolutionGuid = {5193F9B5-563F-41BD-8508-2636B582FDF7}
	EndGlobalSection
EndGlobal
