
Microsoft Visual Studio Solution File, Format Version 12.00
# Visual Studio Version 17
VisualStudioVersion = 17.7.34003.232
MinimumVisualStudioVersion = 10.0.40219.1
Project("{FAE04EC0-301F-11D3-BF4B-00C04F79EFBC}") = "JoesPizza", "JoesPizza\JoesPizza.csproj", "{C9BFFA8D-9227-47E9-9832-8036D116802F}"
EndProject
Global
	GlobalSection(SolutionConfigurationPlatforms) = preSolution
		Debug|Any CPU = Debug|Any CPU
		Release|Any CPU = Release|Any CPU
	EndGlobalSection
	GlobalSection(ProjectConfigurationPlatforms) = postSolution
		{C9BFFA8D-9227-47E9-9832-8036D116802F}.Debug|Any CPU.ActiveCfg = Debug|Any CPU
		{C9BFFA8D-9227-47E9-9832-8036D116802F}.Debug|Any CPU.Build.0 = Debug|Any CPU
		{C9BFFA8D-9227-47E9-9832-8036D116802F}.Release|Any CPU.ActiveCfg = Release|Any CPU
		{C9BFFA8D-9227-47E9-9832-8036D116802F}.Release|Any CPU.Build.0 = Release|Any CPU
	EndGlobalSection
	GlobalSection(SolutionProperties) = preSolution
		HideSolutionNode = FALSE
	EndGlobalSection
	GlobalSection(ExtensibilityGlobals) = postSolution
		SolutionGuid = {2EEAAF11-C187-46FF-B934-F5A78764980A}
	EndGlobalSection
EndGlobal
