
Microsoft Visual Studio Solution File, Format Version 12.00
# Visual Studio Version 17
VisualStudioVersion = 17.7.34003.232
MinimumVisualStudioVersion = 10.0.40219.1
Project("{FAE04EC0-301F-11D3-BF4B-00C04F79EFBC}") = "RainbowSchool", "RainbowSchool\RainbowSchool.csproj", "{75EE2706-D942-4F5F-BD7E-B3D263A65784}"
EndProject
Global
	GlobalSection(SolutionConfigurationPlatforms) = preSolution
		Debug|Any CPU = Debug|Any CPU
		Release|Any CPU = Release|Any CPU
	EndGlobalSection
	GlobalSection(ProjectConfigurationPlatforms) = postSolution
		{75EE2706-D942-4F5F-BD7E-B3D263A65784}.Debug|Any CPU.ActiveCfg = Debug|Any CPU
		{75EE2706-D942-4F5F-BD7E-B3D263A65784}.Debug|Any CPU.Build.0 = Debug|Any CPU
		{75EE2706-D942-4F5F-BD7E-B3D263A65784}.Release|Any CPU.ActiveCfg = Release|Any CPU
		{75EE2706-D942-4F5F-BD7E-B3D263A65784}.Release|Any CPU.Build.0 = Release|Any CPU
	EndGlobalSection
	GlobalSection(SolutionProperties) = preSolution
		HideSolutionNode = FALSE
	EndGlobalSection
	GlobalSection(ExtensibilityGlobals) = postSolution
		SolutionGuid = {5359BBC0-0B99-4223-A4A7-6D19B89CB3CE}
	EndGlobalSection
EndGlobal
